// !$*UTF8*$!
{
	archiveVersion = 1;
	classes = {
	};
	objectVersion = 50;
	objects = {

/* Begin PBXBuildFile section */
		C5D39FEF2147E2440075D7AB /* AppDelegate.swift in Sources */ = {isa = PBXBuildFile; fileRef = C5D39FEE2147E2440075D7AB /* AppDelegate.swift */; };
		C5D39FF12147E2440075D7AB /* ViewController.swift in Sources */ = {isa = PBXBuildFile; fileRef = C5D39FF02147E2440075D7AB /* ViewController.swift */; };
		C5D39FF62147E2460075D7AB /* Assets.xcassets in Resources */ = {isa = PBXBuildFile; fileRef = C5D39FF52147E2460075D7AB /* Assets.xcassets */; };
		C5D39FF92147E2460075D7AB /* LaunchScreen.storyboard in Resources */ = {isa = PBXBuildFile; fileRef = C5D39FF72147E2460075D7AB /* LaunchScreen.storyboard */; };
		C5D3A0012147E6050075D7AB /* AlertPresenter.swift in Sources */ = {isa = PBXBuildFile; fileRef = C5D3A0002147E6050075D7AB /* AlertPresenter.swift */; };
		C5D3A01121480A9B0075D7AB /* AlertPresenterTests.swift in Sources */ = {isa = PBXBuildFile; fileRef = C5D3A01021480A9B0075D7AB /* AlertPresenterTests.swift */; };
		C5E531DD214812A200ABE21F /* XorObfuscator.swift in Sources */ = {isa = PBXBuildFile; fileRef = C5E531DC214812A200ABE21F /* XorObfuscator.swift */; };
/* End PBXBuildFile section */

/* Begin PBXContainerItemProxy section */
		C5D3A00B21480A240075D7AB /* PBXContainerItemProxy */ = {
			isa = PBXContainerItemProxy;
			containerPortal = C5D39FE32147E2430075D7AB /* Project object */;
			proxyType = 1;
			remoteGlobalIDString = C5D39FEA2147E2440075D7AB;
			remoteInfo = ABObfusctaedAlerts;
		};
/* End PBXContainerItemProxy section */

/* Begin PBXFileReference section */
		C5D39FEB2147E2440075D7AB /* ABObfuscatedAlerts.app */ = {isa = PBXFileReference; explicitFileType = wrapper.application; includeInIndex = 0; path = ABObfuscatedAlerts.app; sourceTree = BUILT_PRODUCTS_DIR; };
		C5D39FEE2147E2440075D7AB /* AppDelegate.swift */ = {isa = PBXFileReference; lastKnownFileType = sourcecode.swift; path = AppDelegate.swift; sourceTree = "<group>"; };
		C5D39FF02147E2440075D7AB /* ViewController.swift */ = {isa = PBXFileReference; lastKnownFileType = sourcecode.swift; path = ViewController.swift; sourceTree = "<group>"; };
		C5D39FF52147E2460075D7AB /* Assets.xcassets */ = {isa = PBXFileReference; lastKnownFileType = folder.assetcatalog; path = Assets.xcassets; sourceTree = "<group>"; };
		C5D39FF82147E2460075D7AB /* Base */ = {isa = PBXFileReference; lastKnownFileType = file.storyboard; name = Base; path = Base.lproj/LaunchScreen.storyboard; sourceTree = "<group>"; };
		C5D39FFA2147E2460075D7AB /* Info.plist */ = {isa = PBXFileReference; lastKnownFileType = text.plist.xml; path = Info.plist; sourceTree = "<group>"; };
		C5D3A0002147E6050075D7AB /* AlertPresenter.swift */ = {isa = PBXFileReference; lastKnownFileType = sourcecode.swift; path = AlertPresenter.swift; sourceTree = "<group>"; };
		C5D3A00621480A240075D7AB /* ABObfuscatedAlertsTests.xctest */ = {isa = PBXFileReference; explicitFileType = wrapper.cfbundle; includeInIndex = 0; path = ABObfuscatedAlertsTests.xctest; sourceTree = BUILT_PRODUCTS_DIR; };
		C5D3A00A21480A240075D7AB /* Info.plist */ = {isa = PBXFileReference; lastKnownFileType = text.plist.xml; path = Info.plist; sourceTree = "<group>"; };
		C5D3A01021480A9B0075D7AB /* AlertPresenterTests.swift */ = {isa = PBXFileReference; lastKnownFileType = sourcecode.swift; path = AlertPresenterTests.swift; sourceTree = "<group>"; };
		C5E531DC214812A200ABE21F /* XorObfuscator.swift */ = {isa = PBXFileReference; lastKnownFileType = sourcecode.swift; path = XorObfuscator.swift; sourceTree = "<group>"; };
/* End PBXFileReference section */

/* Begin PBXFrameworksBuildPhase section */
		C5D39FE82147E2440075D7AB /* Frameworks */ = {
			isa = PBXFrameworksBuildPhase;
			buildActionMask = 2147483647;
			files = (
			);
			runOnlyForDeploymentPostprocessing = 0;
		};
		C5D3A00321480A240075D7AB /* Frameworks */ = {
			isa = PBXFrameworksBuildPhase;
			buildActionMask = 2147483647;
			files = (
			);
			runOnlyForDeploymentPostprocessing = 0;
		};
/* End PBXFrameworksBuildPhase section */

/* Begin PBXGroup section */
		C5D39FE22147E2430075D7AB = {
			isa = PBXGroup;
			children = (
				C5D39FED2147E2440075D7AB /* ABObfuscatedAlerts */,
				C5D3A00721480A240075D7AB /* ABObfuscatedAlertsTests */,
				C5D39FEC2147E2440075D7AB /* Products */,
			);
			sourceTree = "<group>";
		};
		C5D39FEC2147E2440075D7AB /* Products */ = {
			isa = PBXGroup;
			children = (
				C5D39FEB2147E2440075D7AB /* ABObfuscatedAlerts.app */,
				C5D3A00621480A240075D7AB /* ABObfuscatedAlertsTests.xctest */,
			);
			name = Products;
			sourceTree = "<group>";
		};
		C5D39FED2147E2440075D7AB /* ABObfuscatedAlerts */ = {
			isa = PBXGroup;
			children = (
				C5D39FEE2147E2440075D7AB /* AppDelegate.swift */,
				C5D39FF02147E2440075D7AB /* ViewController.swift */,
				C5D3A0002147E6050075D7AB /* AlertPresenter.swift */,
				C5E531DC214812A200ABE21F /* XorObfuscator.swift */,
				C5D39FF52147E2460075D7AB /* Assets.xcassets */,
				C5D39FF72147E2460075D7AB /* LaunchScreen.storyboard */,
				C5D39FFA2147E2460075D7AB /* Info.plist */,
			);
			path = ABObfuscatedAlerts;
			sourceTree = "<group>";
		};
		C5D3A00721480A240075D7AB /* ABObfuscatedAlertsTests */ = {
			isa = PBXGroup;
			children = (
				C5D3A01021480A9B0075D7AB /* AlertPresenterTests.swift */,
				C5D3A00A21480A240075D7AB /* Info.plist */,
			);
			path = ABObfuscatedAlertsTests;
			sourceTree = "<group>";
		};
/* End PBXGroup section */

/* Begin PBXNativeTarget section */
		C5D39FEA2147E2440075D7AB /* ABObfuscatedAlerts */ = {
			isa = PBXNativeTarget;
			buildConfigurationList = C5D39FFD2147E2460075D7AB /* Build configuration list for PBXNativeTarget "ABObfuscatedAlerts" */;
			buildPhases = (
				C5D39FE72147E2440075D7AB /* Sources */,
				C5D39FE82147E2440075D7AB /* Frameworks */,
				C5D39FE92147E2440075D7AB /* Resources */,
			);
			buildRules = (
			);
			dependencies = (
			);
			name = ABObfuscatedAlerts;
			productName = ABObfusctaedAlerts;
			productReference = C5D39FEB2147E2440075D7AB /* ABObfuscatedAlerts.app */;
			productType = "com.apple.product-type.application";
		};
		C5D3A00521480A240075D7AB /* ABObfuscatedAlertsTests */ = {
			isa = PBXNativeTarget;
			buildConfigurationList = C5D3A00D21480A240075D7AB /* Build configuration list for PBXNativeTarget "ABObfuscatedAlertsTests" */;
			buildPhases = (
				C5D3A00221480A240075D7AB /* Sources */,
				C5D3A00321480A240075D7AB /* Frameworks */,
				C5D3A00421480A240075D7AB /* Resources */,
			);
			buildRules = (
			);
			dependencies = (
				C5D3A00C21480A240075D7AB /* PBXTargetDependency */,
			);
			name = ABObfuscatedAlertsTests;
			productName = ABObfusctaedAlertsTests;
			productReference = C5D3A00621480A240075D7AB /* ABObfuscatedAlertsTests.xctest */;
			productType = "com.apple.product-type.bundle.unit-test";
		};
/* End PBXNativeTarget section */

/* Begin PBXProject section */
		C5D39FE32147E2430075D7AB /* Project object */ = {
			isa = PBXProject;
			attributes = {
				LastSwiftUpdateCheck = 0940;
				LastUpgradeCheck = 0940;
				ORGANIZATIONNAME = "Adil BOUGAMZA";
				TargetAttributes = {
					C5D39FEA2147E2440075D7AB = {
						CreatedOnToolsVersion = 9.4;
					};
					C5D3A00521480A240075D7AB = {
						CreatedOnToolsVersion = 9.4;
						LastSwiftMigration = 0940;
						TestTargetID = C5D39FEA2147E2440075D7AB;
					};
				};
			};
			buildConfigurationList = C5D39FE62147E2430075D7AB /* Build configuration list for PBXProject "ABObfuscatedAlerts" */;
			compatibilityVersion = "Xcode 9.3";
			developmentRegion = en;
			hasScannedForEncodings = 0;
			knownRegions = (
				en,
				Base,
			);
			mainGroup = C5D39FE22147E2430075D7AB;
			productRefGroup = C5D39FEC2147E2440075D7AB /* Products */;
			projectDirPath = "";
			projectRoot = "";
			targets = (
				C5D39FEA2147E2440075D7AB /* ABObfuscatedAlerts */,
				C5D3A00521480A240075D7AB /* ABObfuscatedAlertsTests */,
			);
		};
/* End PBXProject section */

/* Begin PBXResourcesBuildPhase section */
		C5D39FE92147E2440075D7AB /* Resources */ = {
			isa = PBXResourcesBuildPhase;
			buildActionMask = 2147483647;
			files = (
				C5D39FF92147E2460075D7AB /* LaunchScreen.storyboard in Resources */,
				C5D39FF62147E2460075D7AB /* Assets.xcassets in Resources */,
			);
			runOnlyForDeploymentPostprocessing = 0;
		};
		C5D3A00421480A240075D7AB /* Resources */ = {
			isa = PBXResourcesBuildPhase;
			buildActionMask = 2147483647;
			files = (
			);
			runOnlyForDeploymentPostprocessing = 0;
		};
/* End PBXResourcesBuildPhase section */

/* Begin PBXSourcesBuildPhase section */
		C5D39FE72147E2440075D7AB /* Sources */ = {
			isa = PBXSourcesBuildPhase;
			buildActionMask = 2147483647;
			files = (
				C5D39FF12147E2440075D7AB /* ViewController.swift in Sources */,
				C5D39FEF2147E2440075D7AB /* AppDelegate.swift in Sources */,
				C5D3A0012147E6050075D7AB /* AlertPresenter.swift in Sources */,
				C5E531DD214812A200ABE21F /* XorObfuscator.swift in Sources */,
			);
			runOnlyForDeploymentPostprocessing = 0;
		};
		C5D3A00221480A240075D7AB /* Sources */ = {
			isa = PBXSourcesBuildPhase;
			buildActionMask = 2147483647;
			files = (
				C5D3A01121480A9B0075D7AB /* AlertPresenterTests.swift in Sources */,
			);
			runOnlyForDeploymentPostprocessing = 0;
		};
/* End PBXSourcesBuildPhase section */

/* Begin PBXTargetDependency section */
		C5D3A00C21480A240075D7AB /* PBXTargetDependency */ = {
			isa = PBXTargetDependency;
			target = C5D39FEA2147E2440075D7AB /* ABObfuscatedAlerts */;
			targetProxy = C5D3A00B21480A240075D7AB /* PBXContainerItemProxy */;
		};
/* End PBXTargetDependency section */

/* Begin PBXVariantGroup section */
		C5D39FF72147E2460075D7AB /* LaunchScreen.storyboard */ = {
			isa = PBXVariantGroup;
			children = (
				C5D39FF82147E2460075D7AB /* Base */,
			);
			name = LaunchScreen.storyboard;
			sourceTree = "<group>";
		};
/* End PBXVariantGroup section */

/* Begin XCBuildConfiguration section */
		C5D39FFB2147E2460075D7AB /* Debug */ = {
			isa = XCBuildConfiguration;
			buildSettings = {
				ALWAYS_SEARCH_USER_PATHS = NO;
				CLANG_ANALYZER_NONNULL = YES;
				CLANG_ANALYZER_NUMBER_OBJECT_CONVERSION = YES_AGGRESSIVE;
				CLANG_CXX_LANGUAGE_STANDARD = "gnu++14";
				CLANG_CXX_LIBRARY = "libc++";
				CLANG_ENABLE_MODULES = YES;
				CLANG_ENABLE_OBJC_ARC = YES;
				CLANG_ENABLE_OBJC_WEAK = YES;
				CLANG_WARN_BLOCK_CAPTURE_AUTORELEASING = YES;
				CLANG_WARN_BOOL_CONVERSION = YES;
				CLANG_WARN_COMMA = YES;
				CLANG_WARN_CONSTANT_CONVERSION = YES;
				CLANG_WARN_DEPRECATED_OBJC_IMPLEMENTATIONS = YES;
				CLANG_WARN_DIRECT_OBJC_ISA_USAGE = YES_ERROR;
				CLANG_WARN_DOCUMENTATION_COMMENTS = YES;
				CLANG_WARN_EMPTY_BODY = YES;
				CLANG_WARN_ENUM_CONVERSION = YES;
				CLANG_WARN_INFINITE_RECURSION = YES;
				CLANG_WARN_INT_CONVERSION = YES;
				CLANG_WARN_NON_LITERAL_NULL_CONVERSION = YES;
				CLANG_WARN_OBJC_IMPLICIT_RETAIN_SELF = YES;
				CLANG_WARN_OBJC_LITERAL_CONVERSION = YES;
				CLANG_WARN_OBJC_ROOT_CLASS = YES_ERROR;
				CLANG_WARN_RANGE_LOOP_ANALYSIS = YES;
				CLANG_WARN_STRICT_PROTOTYPES = YES;
				CLANG_WARN_SUSPICIOUS_MOVE = YES;
				CLANG_WARN_UNGUARDED_AVAILABILITY = YES_AGGRESSIVE;
				CLANG_WARN_UNREACHABLE_CODE = YES;
				CLANG_WARN__DUPLICATE_METHOD_MATCH = YES;
				CODE_SIGN_IDENTITY = "iPhone Developer";
				COPY_PHASE_STRIP = NO;
				DEBUG_INFORMATION_FORMAT = dwarf;
				ENABLE_STRICT_OBJC_MSGSEND = YES;
				ENABLE_TESTABILITY = YES;
				GCC_C_LANGUAGE_STANDARD = gnu11;
				GCC_DYNAMIC_NO_PIC = NO;
				GCC_NO_COMMON_BLOCKS = YES;
				GCC_OPTIMIZATION_LEVEL = 0;
				GCC_PREPROCESSOR_DEFINITIONS = (
					"DEBUG=1",
					"$(inherited)",
				);
				GCC_WARN_64_TO_32_BIT_CONVERSION = YES;
				GCC_WARN_ABOUT_RETURN_TYPE = YES_ERROR;
				GCC_WARN_UNDECLARED_SELECTOR = YES;
				GCC_WARN_UNINITIALIZED_AUTOS = YES_AGGRESSIVE;
				GCC_WARN_UNUSED_FUNCTION = YES;
				GCC_WARN_UNUSED_VARIABLE = YES;
				IPHONEOS_DEPLOYMENT_TARGET = 11.4;
				MTL_ENABLE_DEBUG_INFO = YES;
				ONLY_ACTIVE_ARCH = YES;
				SDKROOT = iphoneos;
				SWIFT_ACTIVE_COMPILATION_CONDITIONS = DEBUG;
				SWIFT_OPTIMIZATION_LEVEL = "-Onone";
			};
			name = Debug;
		};
		C5D39FFC2147E2460075D7AB /* Release */ = {
			isa = XCBuildConfiguration;
			buildSettings = {
				ALWAYS_SEARCH_USER_PATHS = NO;
				CLANG_ANALYZER_NONNULL = YES;
				CLANG_ANALYZER_NUMBER_OBJECT_CONVERSION = YES_AGGRESSIVE;
				CLANG_CXX_LANGUAGE_STANDARD = "gnu++14";
				CLANG_CXX_LIBRARY = "libc++";
				CLANG_ENABLE_MODULES = YES;
				CLANG_ENABLE_OBJC_ARC = YES;
				CLANG_ENABLE_OBJC_WEAK = YES;
				CLANG_WARN_BLOCK_CAPTURE_AUTORELEASING = YES;
				CLANG_WARN_BOOL_CONVERSION = YES;
				CLANG_WARN_COMMA = YES;
				CLANG_WARN_CONSTANT_CONVERSION = YES;
				CLANG_WARN_DEPRECATED_OBJC_IMPLEMENTATIONS = YES;
				CLANG_WARN_DIRECT_OBJC_ISA_USAGE = YES_ERROR;
				CLANG_WARN_DOCUMENTATION_COMMENTS = YES;
				CLANG_WARN_EMPTY_BODY = YES;
				CLANG_WARN_ENUM_CONVERSION = YES;
				CLANG_WARN_INFINITE_RECURSION = YES;
				CLANG_WARN_INT_CONVERSION = YES;
				CLANG_WARN_NON_LITERAL_NULL_CONVERSION = YES;
				CLANG_WARN_OBJC_IMPLICIT_RETAIN_SELF = YES;
				CLANG_WARN_OBJC_LITERAL_CONVERSION = YES;
				CLANG_WARN_OBJC_ROOT_CLASS = YES_ERROR;
				CLANG_WARN_RANGE_LOOP_ANALYSIS = YES;
				CLANG_WARN_STRICT_PROTOTYPES = YES;
				CLANG_WARN_SUSPICIOUS_MOVE = YES;
				CLANG_WARN_UNGUARDED_AVAILABILITY = YES_AGGRESSIVE;
				CLANG_WARN_UNREACHABLE_CODE = YES;
				CLANG_WARN__DUPLICATE_METHOD_MATCH = YES;
				CODE_SIGN_IDENTITY = "iPhone Developer";
				COPY_PHASE_STRIP = NO;
				DEBUG_INFORMATION_FORMAT = "dwarf-with-dsym";
				ENABLE_NS_ASSERTIONS = NO;
				ENABLE_STRICT_OBJC_MSGSEND = YES;
				GCC_C_LANGUAGE_STANDARD = gnu11;
				GCC_NO_COMMON_BLOCKS = YES;
				GCC_WARN_64_TO_32_BIT_CONVERSION = YES;
				GCC_WARN_ABOUT_RETURN_TYPE = YES_ERROR;
				GCC_WARN_UNDECLARED_SELECTOR = YES;
				GCC_WARN_UNINITIALIZED_AUTOS = YES_AGGRESSIVE;
				GCC_WARN_UNUSED_FUNCTION = YES;
				GCC_WARN_UNUSED_VARIABLE = YES;
				IPHONEOS_DEPLOYMENT_TARGET = 11.4;
				MTL_ENABLE_DEBUG_INFO = NO;
				SDKROOT = iphoneos;
				SWIFT_COMPILATION_MODE = wholemodule;
				SWIFT_OPTIMIZATION_LEVEL = "-O";
				VALIDATE_PRODUCT = YES;
			};
			name = Release;
		};
		C5D39FFE2147E2460075D7AB /* Debug */ = {
			isa = XCBuildConfiguration;
			buildSettings = {
				ASSETCATALOG_COMPILER_APPICON_NAME = AppIcon;
				CODE_SIGN_STYLE = Automatic;
				DEVELOPMENT_TEAM = V6N36H6375;
				INFOPLIST_FILE = ABObfuscatedAlerts/Info.plist;
				IPHONEOS_DEPLOYMENT_TARGET = 11.0;
				LD_RUNPATH_SEARCH_PATHS = (
					"$(inherited)",
					"@executable_path/Frameworks",
				);
				PRODUCT_BUNDLE_IDENTIFIER = com.rifinio.ABObfuscatedAlerts;
				PRODUCT_NAME = "$(TARGET_NAME)";
				SWIFT_VERSION = 4.0;
				TARGETED_DEVICE_FAMILY = "1,2";
			};
			name = Debug;
		};
		C5D39FFF2147E2460075D7AB /* Release */ = {
			isa = XCBuildConfiguration;
			buildSettings = {
				ASSETCATALOG_COMPILER_APPICON_NAME = AppIcon;
				CODE_SIGN_STYLE = Automatic;
				DEVELOPMENT_TEAM = V6N36H6375;
				INFOPLIST_FILE = ABObfuscatedAlerts/Info.plist;
				IPHONEOS_DEPLOYMENT_TARGET = 11.0;
				LD_RUNPATH_SEARCH_PATHS = (
					"$(inherited)",
					"@executable_path/Frameworks",
				);
				PRODUCT_BUNDLE_IDENTIFIER = com.rifinio.ABObfuscatedAlerts;
				PRODUCT_NAME = "$(TARGET_NAME)";
				SWIFT_VERSION = 4.0;
				TARGETED_DEVICE_FAMILY = "1,2";
			};
			name = Release;
		};
		C5D3A00E21480A240075D7AB /* Debug */ = {
			isa = XCBuildConfiguration;
			buildSettings = {
				BUNDLE_LOADER = "$(TEST_HOST)";
				CLANG_ENABLE_MODULES = YES;
				CODE_SIGN_STYLE = Automatic;
				DEVELOPMENT_TEAM = V6N36H6375;
				INFOPLIST_FILE = ABObfuscatedAlertsTests/Info.plist;
				LD_RUNPATH_SEARCH_PATHS = (
					"$(inherited)",
					"@executable_path/Frameworks",
					"@loader_path/Frameworks",
				);
				PRODUCT_BUNDLE_IDENTIFIER = com.rifinio.ABObfuscatedAlertsTests;
				PRODUCT_NAME = "$(TARGET_NAME)";
				SWIFT_OPTIMIZATION_LEVEL = "-Onone";
				SWIFT_VERSION = 4.0;
				TARGETED_DEVICE_FAMILY = "1,2";
				TEST_HOST = "$(BUILT_PRODUCTS_DIR)/ABObfuscatedAlerts.app/ABObfuscatedAlerts";
			};
			name = Debug;
		};
		C5D3A00F21480A240075D7AB /* Release */ = {
			isa = XCBuildConfiguration;
			buildSettings = {
				BUNDLE_LOADER = "$(TEST_HOST)";
				CLANG_ENABLE_MODULES = YES;
				CODE_SIGN_STYLE = Automatic;
				DEVELOPMENT_TEAM = V6N36H6375;
				INFOPLIST_FILE = ABObfuscatedAlertsTests/Info.plist;
				LD_RUNPATH_SEARCH_PATHS = (
					"$(inherited)",
					"@executable_path/Frameworks",
					"@loader_path/Frameworks",
				);
				PRODUCT_BUNDLE_IDENTIFIER = com.rifinio.ABObfuscatedAlertsTests;
				PRODUCT_NAME = "$(TARGET_NAME)";
				SWIFT_VERSION = 4.0;
				TARGETED_DEVICE_FAMILY = "1,2";
				TEST_HOST = "$(BUILT_PRODUCTS_DIR)/ABObfuscatedAlerts.app/ABObfuscatedAlerts";
			};
			name = Release;
		};
/* End XCBuildConfiguration section */

/* Begin XCConfigurationList section */
		C5D39FE62147E2430075D7AB /* Build configuration list for PBXProject "ABObfuscatedAlerts" */ = {
			isa = XCConfigurationList;
			buildConfigurations = (
				C5D39FFB2147E2460075D7AB /* Debug */,
				C5D39FFC2147E2460075D7AB /* Release */,
			);
			defaultConfigurationIsVisible = 0;
			defaultConfigurationName = Release;
		};
		C5D39FFD2147E2460075D7AB /* Build configuration list for PBXNativeTarget "ABObfuscatedAlerts" */ = {
			isa = XCConfigurationList;
			buildConfigurations = (
				C5D39FFE2147E2460075D7AB /* Debug */,
				C5D39FFF2147E2460075D7AB /* Release */,
			);
			defaultConfigurationIsVisible = 0;
			defaultConfigurationName = Release;
		};
		C5D3A00D21480A240075D7AB /* Build configuration list for PBXNativeTarget "ABObfuscatedAlertsTests" */ = {
			isa = XCConfigurationList;
			buildConfigurations = (
				C5D3A00E21480A240075D7AB /* Debug */,
				C5D3A00F21480A240075D7AB /* Release */,
			);
			defaultConfigurationIsVisible = 0;
			defaultConfigurationName = Release;
		};
/* End XCConfigurationList section */
	};
	rootObject = C5D39FE32147E2430075D7AB /* Project object */;
}
